
Microsoft Visual Studio Solution File, Format Version 12.00
# Visual Studio Version 16
VisualStudioVersion = 16.0.30804.86
MinimumVisualStudioVersion = 10.0.40219.1
Project("{FAE04EC0-301F-11D3-BF4B-00C04F79EFBC}") = "IntroACSharp", "IntroACSharp\IntroACSharp.csproj", "{1E2D9DD6-734F-437A-BC45-DB9785848298}"
EndProject
Project("{FAE04EC0-301F-11D3-BF4B-00C04F79EFBC}") = "IntroPOO", "IntroPOO\IntroPOO.csproj", "{39C811B9-BBEB-4FA8-AC31-FADD41D7C0C9}"
EndProject
Project("{FAE04EC0-301F-11D3-BF4B-00C04F79EFBC}") = "Heritage", "Heritage\Heritage.csproj", "{CDAE992C-2059-4333-AEE7-5A6AE11CA076}"
EndProject
Project("{FAE04EC0-301F-11D3-BF4B-00C04F79EFBC}") = "Exception", "Exception\Exception.csproj", "{D20F2658-C9E4-4D7C-BB79-1292230C174F}"
EndProject
Project("{FAE04EC0-301F-11D3-BF4B-00C04F79EFBC}") = "Listes", "Listes\Listes.csproj", "{C1A43876-F785-489A-9E74-A33991AF628C}"
EndProject
Project("{FAE04EC0-301F-11D3-BF4B-00C04F79EFBC}") = "Uml", "Uml\Uml.csproj", "{A0C58584-B447-4E42-B26B-F931EAA2EFF2}"
EndProject
Project("{FAE04EC0-301F-11D3-BF4B-00C04F79EFBC}") = "Debogueur", "Debogueur\Debogueur.csproj", "{0950E97B-B1EE-4EEE-9BE9-40A72EBFCD63}"
EndProject
Global
	GlobalSection(SolutionConfigurationPlatforms) = preSolution
		Debug|Any CPU = Debug|Any CPU
		Release|Any CPU = Release|Any CPU
	EndGlobalSection
	GlobalSection(ProjectConfigurationPlatforms) = postSolution
		{1E2D9DD6-734F-437A-BC45-DB9785848298}.Debug|Any CPU.ActiveCfg = Debug|Any CPU
		{1E2D9DD6-734F-437A-BC45-DB9785848298}.Debug|Any CPU.Build.0 = Debug|Any CPU
		{1E2D9DD6-734F-437A-BC45-DB9785848298}.Release|Any CPU.ActiveCfg = Release|Any CPU
		{1E2D9DD6-734F-437A-BC45-DB9785848298}.Release|Any CPU.Build.0 = Release|Any CPU
		{39C811B9-BBEB-4FA8-AC31-FADD41D7C0C9}.Debug|Any CPU.ActiveCfg = Debug|Any CPU
		{39C811B9-BBEB-4FA8-AC31-FADD41D7C0C9}.Debug|Any CPU.Build.0 = Debug|Any CPU
		{39C811B9-BBEB-4FA8-AC31-FADD41D7C0C9}.Release|Any CPU.ActiveCfg = Release|Any CPU
		{39C811B9-BBEB-4FA8-AC31-FADD41D7C0C9}.Release|Any CPU.Build.0 = Release|Any CPU
		{CDAE992C-2059-4333-AEE7-5A6AE11CA076}.Debug|Any CPU.ActiveCfg = Debug|Any CPU
		{CDAE992C-2059-4333-AEE7-5A6AE11CA076}.Debug|Any CPU.Build.0 = Debug|Any CPU
		{CDAE992C-2059-4333-AEE7-5A6AE11CA076}.Release|Any CPU.ActiveCfg = Release|Any CPU
		{CDAE992C-2059-4333-AEE7-5A6AE11CA076}.Release|Any CPU.Build.0 = Release|Any CPU
		{D20F2658-C9E4-4D7C-BB79-1292230C174F}.Debug|Any CPU.ActiveCfg = Debug|Any CPU
		{D20F2658-C9E4-4D7C-BB79-1292230C174F}.Debug|Any CPU.Build.0 = Debug|Any CPU
		{D20F2658-C9E4-4D7C-BB79-1292230C174F}.Release|Any CPU.ActiveCfg = Release|Any CPU
		{D20F2658-C9E4-4D7C-BB79-1292230C174F}.Release|Any CPU.Build.0 = Release|Any CPU
		{C1A43876-F785-489A-9E74-A33991AF628C}.Debug|Any CPU.ActiveCfg = Debug|Any CPU
		{C1A43876-F785-489A-9E74-A33991AF628C}.Debug|Any CPU.Build.0 = Debug|Any CPU
		{C1A43876-F785-489A-9E74-A33991AF628C}.Release|Any CPU.ActiveCfg = Release|Any CPU
		{C1A43876-F785-489A-9E74-A33991AF628C}.Release|Any CPU.Build.0 = Release|Any CPU
		{A0C58584-B447-4E42-B26B-F931EAA2EFF2}.Debug|Any CPU.ActiveCfg = Debug|Any CPU
		{A0C58584-B447-4E42-B26B-F931EAA2EFF2}.Debug|Any CPU.Build.0 = Debug|Any CPU
		{A0C58584-B447-4E42-B26B-F931EAA2EFF2}.Release|Any CPU.ActiveCfg = Release|Any CPU
		{A0C58584-B447-4E42-B26B-F931EAA2EFF2}.Release|Any CPU.Build.0 = Release|Any CPU
		{0950E97B-B1EE-4EEE-9BE9-40A72EBFCD63}.Debug|Any CPU.ActiveCfg = Debug|Any CPU
		{0950E97B-B1EE-4EEE-9BE9-40A72EBFCD63}.Debug|Any CPU.Build.0 = Debug|Any CPU
		{0950E97B-B1EE-4EEE-9BE9-40A72EBFCD63}.Release|Any CPU.ActiveCfg = Release|Any CPU
		{0950E97B-B1EE-4EEE-9BE9-40A72EBFCD63}.Release|Any CPU.Build.0 = Release|Any CPU
	EndGlobalSection
	GlobalSection(SolutionProperties) = preSolution
		HideSolutionNode = FALSE
	EndGlobalSection
	GlobalSection(ExtensibilityGlobals) = postSolution
		SolutionGuid = {5E95D1F0-3089-49B9-81B0-AB75C736ED88}
	EndGlobalSection
EndGlobal
